// !$*UTF8*$!
{
	archiveVersion = 1;
	classes = {
	};
	objectVersion = 46;
	objects = {

/* Begin PBXBuildFile section */
		44DEDD4A1C1DEFE300663FC8 /* main.cpp in Sources */ = {isa = PBXBuildFile; fileRef = 44DEDD491C1DEFE300663FC8 /* main.cpp */; };
/* End PBXBuildFile section */

/* Begin PBXCopyFilesBuildPhase section */
		44DEDD441C1DEFE300663FC8 /* CopyFiles */ = {
			isa = PBXCopyFilesBuildPhase;
			buildActionMask = 2147483647;
			dstPath = /usr/share/man/man1/;
			dstSubfolderSpec = 0;
			files = (
			);
			runOnlyForDeploymentPostprocessing = 1;
		};
/* End PBXCopyFilesBuildPhase section */

/* Begin PBXFileReference section */
		44DEDD461C1DEFE300663FC8 /* ParallelMedianWithRWLock */ = {isa = PBXFileReference; explicitFileType = "compiled.mach-o.executable"; includeInIndex = 0; path = ParallelMedianWithRWLock; sourceTree = BUILT_PRODUCTS_DIR; };
		44DEDD491C1DEFE300663FC8 /* main.cpp */ = {isa = PBXFileReference; lastKnownFileType = sourcecode.cpp.cpp; path = main.cpp; sourceTree = "<group>"; };
/* End PBXFileReference section */

/* Begin PBXFrameworksBuildPhase section */
		44DEDD431C1DEFE300663FC8 /* Frameworks */ = {
			isa = PBXFrameworksBuildPhase;
			buildActionMask = 2147483647;
			files = (
			);
			runOnlyForDeploymentPostprocessing = 0;
		};
/* End PBXFrameworksBuildPhase section */

/* Begin PBXGroup section */
		44DEDD3D1C1DEFE300663FC8 = {
			isa = PBXGroup;
			children = (
				44DEDD481C1DEFE300663FC8 /* ParallelMedianWithRWLock */,
				44DEDD471C1DEFE300663FC8 /* Products */,
			);
			sourceTree = "<group>";
		};
		44DEDD471C1DEFE300663FC8 /* Products */ = {
			isa = PBXGroup;
			children = (
				44DEDD461C1DEFE300663FC8 /* ParallelMedianWithRWLock */,
			);
			name = Products;
			sourceTree = "<group>";
		};
		44DEDD481C1DEFE300663FC8 /* ParallelMedianWithRWLock */ = {
			isa = PBXGroup;
			children = (
				44DEDD491C1DEFE300663FC8 /* main.cpp */,
			);
			path = ParallelMedianWithRWLock;
			sourceTree = "<group>";
		};
/* End PBXGroup section */

/* Begin PBXNativeTarget section */
		44DEDD451C1DEFE300663FC8 /* ParallelMedianWithRWLock */ = {
			isa = PBXNativeTarget;
			buildConfigurationList = 44DEDD4D1C1DEFE300663FC8 /* Build configuration list for PBXNativeTarget "ParallelMedianWithRWLock" */;
			buildPhases = (
				44DEDD421C1DEFE300663FC8 /* Sources */,
				44DEDD431C1DEFE300663FC8 /* Frameworks */,
				44DEDD441C1DEFE300663FC8 /* CopyFiles */,
			);
			buildRules = (
			);
			dependencies = (
			);
			name = ParallelMedianWithRWLock;
			productName = ParallelMedianWithRWLock;
			productReference = 44DEDD461C1DEFE300663FC8 /* ParallelMedianWithRWLock */;
			productType = "com.apple.product-type.tool";
		};
/* End PBXNativeTarget section */

/* Begin PBXProject section */
		44DEDD3E1C1DEFE300663FC8 /* Project object */ = {
			isa = PBXProject;
			attributes = {
				LastUpgradeCheck = 0720;
				ORGANIZATIONNAME = MIPT;
				TargetAttributes = {
					44DEDD451C1DEFE300663FC8 = {
						CreatedOnToolsVersion = 7.2;
					};
				};
			};
			buildConfigurationList = 44DEDD411C1DEFE300663FC8 /* Build configuration list for PBXProject "ParallelMedianWithRWLock" */;
			compatibilityVersion = "Xcode 3.2";
			developmentRegion = English;
			hasScannedForEncodings = 0;
			knownRegions = (
				en,
			);
			mainGroup = 44DEDD3D1C1DEFE300663FC8;
			productRefGroup = 44DEDD471C1DEFE300663FC8 /* Products */;
			projectDirPath = "";
			projectRoot = "";
			targets = (
				44DEDD451C1DEFE300663FC8 /* ParallelMedianWithRWLock */,
			);
		};
/* End PBXProject section */

/* Begin PBXSourcesBuildPhase section */
		44DEDD421C1DEFE300663FC8 /* Sources */ = {
			isa = PBXSourcesBuildPhase;
			buildActionMask = 2147483647;
			files = (
				44DEDD4A1C1DEFE300663FC8 /* main.cpp in Sources */,
			);
			runOnlyForDeploymentPostprocessing = 0;
		};
/* End PBXSourcesBuildPhase section */

/* Begin XCBuildConfiguration section */
		44DEDD4B1C1DEFE300663FC8 /* Debug */ = {
			isa = XCBuildConfiguration;
			buildSettings = {
				ALWAYS_SEARCH_USER_PATHS = NO;
				CLANG_CXX_LANGUAGE_STANDARD = "gnu++0x";
				CLANG_CXX_LIBRARY = "libc++";
				CLANG_ENABLE_MODULES = YES;
				CLANG_ENABLE_OBJC_ARC = YES;
				CLANG_WARN_BOOL_CONVERSION = YES;
				CLANG_WARN_CONSTANT_CONVERSION = YES;
				CLANG_WARN_DIRECT_OBJC_ISA_USAGE = YES_ERROR;
				CLANG_WARN_EMPTY_BODY = YES;
				CLANG_WARN_ENUM_CONVERSION = YES;
				CLANG_WARN_INT_CONVERSION = YES;
				CLANG_WARN_OBJC_ROOT_CLASS = YES_ERROR;
				CLANG_WARN_UNREACHABLE_CODE = YES;
				CLANG_WARN__DUPLICATE_METHOD_MATCH = YES;
				CODE_SIGN_IDENTITY = "-";
				COPY_PHASE_STRIP = NO;
				DEBUG_INFORMATION_FORMAT = dwarf;
				ENABLE_STRICT_OBJC_MSGSEND = YES;
				ENABLE_TESTABILITY = YES;
				GCC_C_LANGUAGE_STANDARD = gnu99;
				GCC_DYNAMIC_NO_PIC = NO;
				GCC_NO_COMMON_BLOCKS = YES;
				GCC_OPTIMIZATION_LEVEL = 0;
				GCC_PREPROCESSOR_DEFINITIONS = (
					"DEBUG=1",
					"$(inherited)",
				);
				GCC_WARN_64_TO_32_BIT_CONVERSION = YES;
				GCC_WARN_ABOUT_RETURN_TYPE = YES_ERROR;
				GCC_WARN_UNDECLARED_SELECTOR = YES;
				GCC_WARN_UNINITIALIZED_AUTOS = YES_AGGRESSIVE;
				GCC_WARN_UNUSED_FUNCTION = YES;
				GCC_WARN_UNUSED_VARIABLE = YES;
				MACOSX_DEPLOYMENT_TARGET = 10.11;
				MTL_ENABLE_DEBUG_INFO = YES;
				ONLY_ACTIVE_ARCH = YES;
				SDKROOT = macosx;
			};
			name = Debug;
		};
		44DEDD4C1C1DEFE300663FC8 /* Release */ = {
			isa = XCBuildConfiguration;
			buildSettings = {
				ALWAYS_SEARCH_USER_PATHS = NO;
				CLANG_CXX_LANGUAGE_STANDARD = "gnu++0x";
				CLANG_CXX_LIBRARY = "libc++";
				CLANG_ENABLE_MODULES = YES;
				CLANG_ENABLE_OBJC_ARC = YES;
				CLANG_WARN_BOOL_CONVERSION = YES;
				CLANG_WARN_CONSTANT_CONVERSION = YES;
				CLANG_WARN_DIRECT_OBJC_ISA_USAGE = YES_ERROR;
				CLANG_WARN_EMPTY_BODY = YES;
				CLANG_WARN_ENUM_CONVERSION = YES;
				CLANG_WARN_INT_CONVERSION = YES;
				CLANG_WARN_OBJC_ROOT_CLASS = YES_ERROR;
				CLANG_WARN_UNREACHABLE_CODE = YES;
				CLANG_WARN__DUPLICATE_METHOD_MATCH = YES;
				CODE_SIGN_IDENTITY = "-";
				COPY_PHASE_STRIP = NO;
				DEBUG_INFORMATION_FORMAT = "dwarf-with-dsym";
				ENABLE_NS_ASSERTIONS = NO;
				ENABLE_STRICT_OBJC_MSGSEND = YES;
				GCC_C_LANGUAGE_STANDARD = gnu99;
				GCC_NO_COMMON_BLOCKS = YES;
				GCC_WARN_64_TO_32_BIT_CONVERSION = YES;
				GCC_WARN_ABOUT_RETURN_TYPE = YES_ERROR;
				GCC_WARN_UNDECLARED_SELECTOR = YES;
				GCC_WARN_UNINITIALIZED_AUTOS = YES_AGGRESSIVE;
				GCC_WARN_UNUSED_FUNCTION = YES;
				GCC_WARN_UNUSED_VARIABLE = YES;
				MACOSX_DEPLOYMENT_TARGET = 10.11;
				MTL_ENABLE_DEBUG_INFO = NO;
				SDKROOT = macosx;
			};
			name = Release;
		};
		44DEDD4E1C1DEFE300663FC8 /* Debug */ = {
			isa = XCBuildConfiguration;
			buildSettings = {
				PRODUCT_NAME = "$(TARGET_NAME)";
			};
			name = Debug;
		};
		44DEDD4F1C1DEFE300663FC8 /* Release */ = {
			isa = XCBuildConfiguration;
			buildSettings = {
				PRODUCT_NAME = "$(TARGET_NAME)";
			};
			name = Release;
		};
/* End XCBuildConfiguration section */

/* Begin XCConfigurationList section */
		44DEDD411C1DEFE300663FC8 /* Build configuration list for PBXProject "ParallelMedianWithRWLock" */ = {
			isa = XCConfigurationList;
			buildConfigurations = (
				44DEDD4B1C1DEFE300663FC8 /* Debug */,
				44DEDD4C1C1DEFE300663FC8 /* Release */,
			);
			defaultConfigurationIsVisible = 0;
			defaultConfigurationName = Release;
		};
		44DEDD4D1C1DEFE300663FC8 /* Build configuration list for PBXNativeTarget "ParallelMedianWithRWLock" */ = {
			isa = XCConfigurationList;
			buildConfigurations = (
				44DEDD4E1C1DEFE300663FC8 /* Debug */,
				44DEDD4F1C1DEFE300663FC8 /* Release */,
			);
			defaultConfigurationIsVisible = 0;
		};
/* End XCConfigurationList section */
	};
	rootObject = 44DEDD3E1C1DEFE300663FC8 /* Project object */;
}
